// !$*UTF8*$!
{
	archiveVersion = 1;
	classes = {
	};
	objectVersion = 51;
	objects = {

/* Begin PBXBuildFile section */
		6DF87BD102B4F11C41F8A32E /* Pods_LFLiveKitDemo.framework in Frameworks */ = {isa = PBXBuildFile; fileRef = E2C66DA740AF6D5481113167 /* Pods_LFLiveKitDemo.framework */; };
		E1C22D2125091DC0001EC66E /* AppDelegate.m in Sources */ = {isa = PBXBuildFile; fileRef = E1C22D2025091DC0001EC66E /* AppDelegate.m */; };
		E1C22D2425091DC0001EC66E /* SceneDelegate.m in Sources */ = {isa = PBXBuildFile; fileRef = E1C22D2325091DC0001EC66E /* SceneDelegate.m */; };
		E1C22D2725091DC0001EC66E /* ViewController.m in Sources */ = {isa = PBXBuildFile; fileRef = E1C22D2625091DC0001EC66E /* ViewController.m */; };
		E1C22D2A25091DC0001EC66E /* Main.storyboard in Resources */ = {isa = PBXBuildFile; fileRef = E1C22D2825091DC0001EC66E /* Main.storyboard */; };
		E1C22D2C25091DC2001EC66E /* Assets.xcassets in Resources */ = {isa = PBXBuildFile; fileRef = E1C22D2B25091DC2001EC66E /* Assets.xcassets */; };
		E1C22D2F25091DC2001EC66E /* LaunchScreen.storyboard in Resources */ = {isa = PBXBuildFile; fileRef = E1C22D2D25091DC2001EC66E /* LaunchScreen.storyboard */; };
		E1C22D3225091DC2001EC66E /* main.m in Sources */ = {isa = PBXBuildFile; fileRef = E1C22D3125091DC2001EC66E /* main.m */; };
/* End PBXBuildFile section */

/* Begin PBXFileReference section */
		3DC2D0AA254CDADA930D198B /* Pods-LFLiveKitDemo.debug.xcconfig */ = {isa = PBXFileReference; includeInIndex = 1; lastKnownFileType = text.xcconfig; name = "Pods-LFLiveKitDemo.debug.xcconfig"; path = "Target Support Files/Pods-LFLiveKitDemo/Pods-LFLiveKitDemo.debug.xcconfig"; sourceTree = "<group>"; };
		C54B39A798B86ED4F54BB65E /* Pods-LFLiveKitDemo.release.xcconfig */ = {isa = PBXFileReference; includeInIndex = 1; lastKnownFileType = text.xcconfig; name = "Pods-LFLiveKitDemo.release.xcconfig"; path = "Target Support Files/Pods-LFLiveKitDemo/Pods-LFLiveKitDemo.release.xcconfig"; sourceTree = "<group>"; };
		E1C22D1C25091DC0001EC66E /* LFLiveKitDemo.app */ = {isa = PBXFileReference; explicitFileType = wrapper.application; includeInIndex = 0; path = LFLiveKitDemo.app; sourceTree = BUILT_PRODUCTS_DIR; };
		E1C22D1F25091DC0001EC66E /* AppDelegate.h */ = {isa = PBXFileReference; lastKnownFileType = sourcecode.c.h; path = AppDelegate.h; sourceTree = "<group>"; };
		E1C22D2025091DC0001EC66E /* AppDelegate.m */ = {isa = PBXFileReference; lastKnownFileType = sourcecode.c.objc; path = AppDelegate.m; sourceTree = "<group>"; };
		E1C22D2225091DC0001EC66E /* SceneDelegate.h */ = {isa = PBXFileReference; lastKnownFileType = sourcecode.c.h; path = SceneDelegate.h; sourceTree = "<group>"; };
		E1C22D2325091DC0001EC66E /* SceneDelegate.m */ = {isa = PBXFileReference; lastKnownFileType = sourcecode.c.objc; path = SceneDelegate.m; sourceTree = "<group>"; };
		E1C22D2525091DC0001EC66E /* ViewController.h */ = {isa = PBXFileReference; lastKnownFileType = sourcecode.c.h; path = ViewController.h; sourceTree = "<group>"; };
		E1C22D2625091DC0001EC66E /* ViewController.m */ = {isa = PBXFileReference; lastKnownFileType = sourcecode.c.objc; path = ViewController.m; sourceTree = "<group>"; };
		E1C22D2925091DC0001EC66E /* Base */ = {isa = PBXFileReference; lastKnownFileType = file.storyboard; name = Base; path = Base.lproj/Main.storyboard; sourceTree = "<group>"; };
		E1C22D2B25091DC2001EC66E /* Assets.xcassets */ = {isa = PBXFileReference; lastKnownFileType = folder.assetcatalog; path = Assets.xcassets; sourceTree = "<group>"; };
		E1C22D2E25091DC2001EC66E /* Base */ = {isa = PBXFileReference; lastKnownFileType = file.storyboard; name = Base; path = Base.lproj/LaunchScreen.storyboard; sourceTree = "<group>"; };
		E1C22D3025091DC2001EC66E /* Info.plist */ = {isa = PBXFileReference; lastKnownFileType = text.plist.xml; path = Info.plist; sourceTree = "<group>"; };
		E1C22D3125091DC2001EC66E /* main.m */ = {isa = PBXFileReference; lastKnownFileType = sourcecode.c.objc; path = main.m; sourceTree = "<group>"; };
		E2C66DA740AF6D5481113167 /* Pods_LFLiveKitDemo.framework */ = {isa = PBXFileReference; explicitFileType = wrapper.framework; includeInIndex = 0; path = Pods_LFLiveKitDemo.framework; sourceTree = BUILT_PRODUCTS_DIR; };
/* End PBXFileReference section */

/* Begin PBXFrameworksBuildPhase section */
		E1C22D1925091DC0001EC66E /* Frameworks */ = {
			isa = PBXFrameworksBuildPhase;
			buildActionMask = 2147483647;
			files = (
				6DF87BD102B4F11C41F8A32E /* Pods_LFLiveKitDemo.framework in Frameworks */,
			);
			runOnlyForDeploymentPostprocessing = 0;
		};
/* End PBXFrameworksBuildPhase section */

/* Begin PBXGroup section */
		1E9BB8C11D24AEA9981DD6D9 /* Pods */ = {
			isa = PBXGroup;
			children = (
				3DC2D0AA254CDADA930D198B /* Pods-LFLiveKitDemo.debug.xcconfig */,
				C54B39A798B86ED4F54BB65E /* Pods-LFLiveKitDemo.release.xcconfig */,
			);
			path = Pods;
			sourceTree = "<group>";
		};
		44DBD29A994748CA57BE6865 /* Frameworks */ = {
			isa = PBXGroup;
			children = (
				E2C66DA740AF6D5481113167 /* Pods_LFLiveKitDemo.framework */,
			);
			name = Frameworks;
			sourceTree = "<group>";
		};
		E1C22D1325091DC0001EC66E = {
			isa = PBXGroup;
			children = (
				E1C22D1E25091DC0001EC66E /* LFLiveKitDemo */,
				E1C22D1D25091DC0001EC66E /* Products */,
				1E9BB8C11D24AEA9981DD6D9 /* Pods */,
				44DBD29A994748CA57BE6865 /* Frameworks */,
			);
			sourceTree = "<group>";
		};
		E1C22D1D25091DC0001EC66E /* Products */ = {
			isa = PBXGroup;
			children = (
				E1C22D1C25091DC0001EC66E /* LFLiveKitDemo.app */,
			);
			name = Products;
			sourceTree = "<group>";
		};
		E1C22D1E25091DC0001EC66E /* LFLiveKitDemo */ = {
			isa = PBXGroup;
			children = (
				E1C22D1F25091DC0001EC66E /* AppDelegate.h */,
				E1C22D2025091DC0001EC66E /* AppDelegate.m */,
				E1C22D2225091DC0001EC66E /* SceneDelegate.h */,
				E1C22D2325091DC0001EC66E /* SceneDelegate.m */,
				E1C22D2525091DC0001EC66E /* ViewController.h */,
				E1C22D2625091DC0001EC66E /* ViewController.m */,
				E1C22D2825091DC0001EC66E /* Main.storyboard */,
				E1C22D2B25091DC2001EC66E /* Assets.xcassets */,
				E1C22D2D25091DC2001EC66E /* LaunchScreen.storyboard */,
				E1C22D3025091DC2001EC66E /* Info.plist */,
				E1C22D3125091DC2001EC66E /* main.m */,
			);
			path = LFLiveKitDemo;
			sourceTree = "<group>";
		};
/* End PBXGroup section */

/* Begin PBXNativeTarget section */
		E1C22D1B25091DC0001EC66E /* LFLiveKitDemo */ = {
			isa = PBXNativeTarget;
			buildConfigurationList = E1C22D3525091DC2001EC66E /* Build configuration list for PBXNativeTarget "LFLiveKitDemo" */;
			buildPhases = (
				B081E84353A4C80B268BDAE2 /* [CP] Check Pods Manifest.lock */,
				E1C22D1825091DC0001EC66E /* Sources */,
				E1C22D1925091DC0001EC66E /* Frameworks */,
				E1C22D1A25091DC0001EC66E /* Resources */,
				4261764A52A01B2EAE9C979E /* [CP] Embed Pods Frameworks */,
			);
			buildRules = (
			);
			dependencies = (
			);
			name = LFLiveKitDemo;
			productName = LFLiveKitDemo;
			productReference = E1C22D1C25091DC0001EC66E /* LFLiveKitDemo.app */;
			productType = "com.apple.product-type.application";
		};
/* End PBXNativeTarget section */

/* Begin PBXProject section */
		E1C22D1425091DC0001EC66E /* Project object */ = {
			isa = PBXProject;
			attributes = {
				LastUpgradeCheck = 1160;
				ORGANIZATIONNAME = KentSun;
				TargetAttributes = {
					E1C22D1B25091DC0001EC66E = {
						CreatedOnToolsVersion = 11.6;
					};
				};
			};
			buildConfigurationList = E1C22D1725091DC0001EC66E /* Build configuration list for PBXProject "LFLiveKitDemo" */;
			compatibilityVersion = "Xcode 9.3";
			developmentRegion = en;
			hasScannedForEncodings = 0;
			knownRegions = (
				en,
				Base,
			);
			mainGroup = E1C22D1325091DC0001EC66E;
			productRefGroup = E1C22D1D25091DC0001EC66E /* Products */;
			projectDirPath = "";
			projectRoot = "";
			targets = (
				E1C22D1B25091DC0001EC66E /* LFLiveKitDemo */,
			);
		};
/* End PBXProject section */

/* Begin PBXResourcesBuildPhase section */
		E1C22D1A25091DC0001EC66E /* Resources */ = {
			isa = PBXResourcesBuildPhase;
			buildActionMask = 2147483647;
			files = (
				E1C22D2F25091DC2001EC66E /* LaunchScreen.storyboard in Resources */,
				E1C22D2C25091DC2001EC66E /* Assets.xcassets in Resources */,
				E1C22D2A25091DC0001EC66E /* Main.storyboard in Resources */,
			);
			runOnlyForDeploymentPostprocessing = 0;
		};
/* End PBXResourcesBuildPhase section */

/* Begin PBXShellScriptBuildPhase section */
		4261764A52A01B2EAE9C979E /* [CP] Embed Pods Frameworks */ = {
			isa = PBXShellScriptBuildPhase;
			buildActionMask = 2147483647;
			files = (
			);
			inputFileListPaths = (
				"${PODS_ROOT}/Target Support Files/Pods-LFLiveKitDemo/Pods-LFLiveKitDemo-frameworks-${CONFIGURATION}-input-files.xcfilelist",
			);
			name = "[CP] Embed Pods Frameworks";
			outputFileListPaths = (
				"${PODS_ROOT}/Target Support Files/Pods-LFLiveKitDemo/Pods-LFLiveKitDemo-frameworks-${CONFIGURATION}-output-files.xcfilelist",
			);
			runOnlyForDeploymentPostprocessing = 0;
			shellPath = /bin/sh;
			shellScript = "\"${PODS_ROOT}/Target Support Files/Pods-LFLiveKitDemo/Pods-LFLiveKitDemo-frameworks.sh\"\n";
			showEnvVarsInLog = 0;
		};
		B081E84353A4C80B268BDAE2 /* [CP] Check Pods Manifest.lock */ = {
			isa = PBXShellScriptBuildPhase;
			buildActionMask = 2147483647;
			files = (
			);
			inputFileListPaths = (
			);
			inputPaths = (
				"${PODS_PODFILE_DIR_PATH}/Podfile.lock",
				"${PODS_ROOT}/Manifest.lock",
			);
			name = "[CP] Check Pods Manifest.lock";
			outputFileListPaths = (
			);
			outputPaths = (
				"$(DERIVED_FILE_DIR)/Pods-LFLiveKitDemo-checkManifestLockResult.txt",
			);
			runOnlyForDeploymentPostprocessing = 0;
			shellPath = /bin/sh;
			shellScript = "diff \"${PODS_PODFILE_DIR_PATH}/Podfile.lock\" \"${PODS_ROOT}/Manifest.lock\" > /dev/null\nif [ $? != 0 ] ; then\n    # print error to STDERR\n    echo \"error: The sandbox is not in sync with the Podfile.lock. Run 'pod install' or update your CocoaPods installation.\" >&2\n    exit 1\nfi\n# This output is used by Xcode 'outputs' to avoid re-running this script phase.\necho \"SUCCESS\" > \"${SCRIPT_OUTPUT_FILE_0}\"\n";
			showEnvVarsInLog = 0;
		};
/* End PBXShellScriptBuildPhase section */

/* Begin PBXSourcesBuildPhase section */
		E1C22D1825091DC0001EC66E /* Sources */ = {
			isa = PBXSourcesBuildPhase;
			buildActionMask = 2147483647;
			files = (
				E1C22D2725091DC0001EC66E /* ViewController.m in Sources */,
				E1C22D2125091DC0001EC66E /* AppDelegate.m in Sources */,
				E1C22D3225091DC2001EC66E /* main.m in Sources */,
				E1C22D2425091DC0001EC66E /* SceneDelegate.m in Sources */,
			);
			runOnlyForDeploymentPostprocessing = 0;
		};
/* End PBXSourcesBuildPhase section */

/* Begin PBXVariantGroup section */
		E1C22D2825091DC0001EC66E /* Main.storyboard */ = {
			isa = PBXVariantGroup;
			children = (
				E1C22D2925091DC0001EC66E /* Base */,
			);
			name = Main.storyboard;
			sourceTree = "<group>";
		};
		E1C22D2D25091DC2001EC66E /* LaunchScreen.storyboard */ = {
			isa = PBXVariantGroup;
			children = (
				E1C22D2E25091DC2001EC66E /* Base */,
			);
			name = LaunchScreen.storyboard;
			sourceTree = "<group>";
		};
/* End PBXVariantGroup section */

/* Begin XCBuildConfiguration section */
		E1C22D3325091DC2001EC66E /* Debug */ = {
			isa = XCBuildConfiguration;
			buildSettings = {
				ALWAYS_SEARCH_USER_PATHS = NO;
				CLANG_ANALYZER_NONNULL = YES;
				CLANG_ANALYZER_NUMBER_OBJECT_CONVERSION = YES_AGGRESSIVE;
				CLANG_CXX_LANGUAGE_STANDARD = "gnu++14";
				CLANG_CXX_LIBRARY = "libc++";
				CLANG_ENABLE_MODULES = YES;
				CLANG_ENABLE_OBJC_ARC = YES;
				CLANG_ENABLE_OBJC_WEAK = YES;
				CLANG_WARN_BLOCK_CAPTURE_AUTORELEASING = YES;
				CLANG_WARN_BOOL_CONVERSION = YES;
				CLANG_WARN_COMMA = YES;
				CLANG_WARN_CONSTANT_CONVERSION = YES;
				CLANG_WARN_DEPRECATED_OBJC_IMPLEMENTATIONS = YES;
				CLANG_WARN_DIRECT_OBJC_ISA_USAGE = YES_ERROR;
				CLANG_WARN_DOCUMENTATION_COMMENTS = YES;
				CLANG_WARN_EMPTY_BODY = YES;
				CLANG_WARN_ENUM_CONVERSION = YES;
				CLANG_WARN_INFINITE_RECURSION = YES;
				CLANG_WARN_INT_CONVERSION = YES;
				CLANG_WARN_NON_LITERAL_NULL_CONVERSION = YES;
				CLANG_WARN_OBJC_IMPLICIT_RETAIN_SELF = YES;
				CLANG_WARN_OBJC_LITERAL_CONVERSION = YES;
				CLANG_WARN_OBJC_ROOT_CLASS = YES_ERROR;
				CLANG_WARN_RANGE_LOOP_ANALYSIS = YES;
				CLANG_WARN_STRICT_PROTOTYPES = YES;
				CLANG_WARN_SUSPICIOUS_MOVE = YES;
				CLANG_WARN_UNGUARDED_AVAILABILITY = YES_AGGRESSIVE;
				CLANG_WARN_UNREACHABLE_CODE = YES;
				CLANG_WARN__DUPLICATE_METHOD_MATCH = YES;
				COPY_PHASE_STRIP = NO;
				DEBUG_INFORMATION_FORMAT = dwarf;
				ENABLE_STRICT_OBJC_MSGSEND = YES;
				ENABLE_TESTABILITY = YES;
				GCC_C_LANGUAGE_STANDARD = gnu11;
				GCC_DYNAMIC_NO_PIC = NO;
				GCC_NO_COMMON_BLOCKS = YES;
				GCC_OPTIMIZATION_LEVEL = 0;
				GCC_PREPROCESSOR_DEFINITIONS = (
					"DEBUG=1",
					"$(inherited)",
				);
				GCC_WARN_64_TO_32_BIT_CONVERSION = YES;
				GCC_WARN_ABOUT_RETURN_TYPE = YES_ERROR;
				GCC_WARN_UNDECLARED_SELECTOR = YES;
				GCC_WARN_UNINITIALIZED_AUTOS = YES_AGGRESSIVE;
				GCC_WARN_UNUSED_FUNCTION = YES;
				GCC_WARN_UNUSED_VARIABLE = YES;
				IPHONEOS_DEPLOYMENT_TARGET = 13.6;
				MTL_ENABLE_DEBUG_INFO = INCLUDE_SOURCE;
				MTL_FAST_MATH = YES;
				ONLY_ACTIVE_ARCH = YES;
				SDKROOT = iphoneos;
			};
			name = Debug;
		};
		E1C22D3425091DC2001EC66E /* Release */ = {
			isa = XCBuildConfiguration;
			buildSettings = {
				ALWAYS_SEARCH_USER_PATHS = NO;
				CLANG_ANALYZER_NONNULL = YES;
				CLANG_ANALYZER_NUMBER_OBJECT_CONVERSION = YES_AGGRESSIVE;
				CLANG_CXX_LANGUAGE_STANDARD = "gnu++14";
				CLANG_CXX_LIBRARY = "libc++";
				CLANG_ENABLE_MODULES = YES;
				CLANG_ENABLE_OBJC_ARC = YES;
				CLANG_ENABLE_OBJC_WEAK = YES;
				CLANG_WARN_BLOCK_CAPTURE_AUTORELEASING = YES;
				CLANG_WARN_BOOL_CONVERSION = YES;
				CLANG_WARN_COMMA = YES;
				CLANG_WARN_CONSTANT_CONVERSION = YES;
				CLANG_WARN_DEPRECATED_OBJC_IMPLEMENTATIONS = YES;
				CLANG_WARN_DIRECT_OBJC_ISA_USAGE = YES_ERROR;
				CLANG_WARN_DOCUMENTATION_COMMENTS = YES;
				CLANG_WARN_EMPTY_BODY = YES;
				CLANG_WARN_ENUM_CONVERSION = YES;
				CLANG_WARN_INFINITE_RECURSION = YES;
				CLANG_WARN_INT_CONVERSION = YES;
				CLANG_WARN_NON_LITERAL_NULL_CONVERSION = YES;
				CLANG_WARN_OBJC_IMPLICIT_RETAIN_SELF = YES;
				CLANG_WARN_OBJC_LITERAL_CONVERSION = YES;
				CLANG_WARN_OBJC_ROOT_CLASS = YES_ERROR;
				CLANG_WARN_RANGE_LOOP_ANALYSIS = YES;
				CLANG_WARN_STRICT_PROTOTYPES = YES;
				CLANG_WARN_SUSPICIOUS_MOVE = YES;
				CLANG_WARN_UNGUARDED_AVAILABILITY = YES_AGGRESSIVE;
				CLANG_WARN_UNREACHABLE_CODE = YES;
				CLANG_WARN__DUPLICATE_METHOD_MATCH = YES;
				COPY_PHASE_STRIP = NO;
				DEBUG_INFORMATION_FORMAT = "dwarf-with-dsym";
				ENABLE_NS_ASSERTIONS = NO;
				ENABLE_STRICT_OBJC_MSGSEND = YES;
				GCC_C_LANGUAGE_STANDARD = gnu11;
				GCC_NO_COMMON_BLOCKS = YES;
				GCC_WARN_64_TO_32_BIT_CONVERSION = YES;
				GCC_WARN_ABOUT_RETURN_TYPE = YES_ERROR;
				GCC_WARN_UNDECLARED_SELECTOR = YES;
				GCC_WARN_UNINITIALIZED_AUTOS = YES_AGGRESSIVE;
				GCC_WARN_UNUSED_FUNCTION = YES;
				GCC_WARN_UNUSED_VARIABLE = YES;
				IPHONEOS_DEPLOYMENT_TARGET = 13.6;
				MTL_ENABLE_DEBUG_INFO = NO;
				MTL_FAST_MATH = YES;
				SDKROOT = iphoneos;
				VALIDATE_PRODUCT = YES;
			};
			name = Release;
		};
		E1C22D3625091DC2001EC66E /* Debug */ = {
			isa = XCBuildConfiguration;
			baseConfigurationReference = 3DC2D0AA254CDADA930D198B /* Pods-LFLiveKitDemo.debug.xcconfig */;
			buildSettings = {
				ASSETCATALOG_COMPILER_APPICON_NAME = AppIcon;
				CODE_SIGN_STYLE = Automatic;
				DEVELOPMENT_TEAM = N6GT7P4WQU;
				INFOPLIST_FILE = LFLiveKitDemo/Info.plist;
				IPHONEOS_DEPLOYMENT_TARGET = 10.0;
				LD_RUNPATH_SEARCH_PATHS = (
					"$(inherited)",
					"@executable_path/Frameworks",
				);
				PRODUCT_BUNDLE_IDENTIFIER = KentSun.LFLiveKitDemo;
				PRODUCT_NAME = "$(TARGET_NAME)";
				TARGETED_DEVICE_FAMILY = "1,2";
			};
			name = Debug;
		};
		E1C22D3725091DC2001EC66E /* Release */ = {
			isa = XCBuildConfiguration;
			baseConfigurationReference = C54B39A798B86ED4F54BB65E /* Pods-LFLiveKitDemo.release.xcconfig */;
			buildSettings = {
				ASSETCATALOG_COMPILER_APPICON_NAME = AppIcon;
				CODE_SIGN_STYLE = Automatic;
				DEVELOPMENT_TEAM = N6GT7P4WQU;
				INFOPLIST_FILE = LFLiveKitDemo/Info.plist;
				IPHONEOS_DEPLOYMENT_TARGET = 10.0;
				LD_RUNPATH_SEARCH_PATHS = (
					"$(inherited)",
					"@executable_path/Frameworks",
				);
				PRODUCT_BUNDLE_IDENTIFIER = KentSun.LFLiveKitDemo;
				PRODUCT_NAME = "$(TARGET_NAME)";
				TARGETED_DEVICE_FAMILY = "1,2";
			};
			name = Release;
		};
/* End XCBuildConfiguration section */

/* Begin XCConfigurationList section */
		E1C22D1725091DC0001EC66E /* Build configuration list for PBXProject "LFLiveKitDemo" */ = {
			isa = XCConfigurationList;
			buildConfigurations = (
				E1C22D3325091DC2001EC66E /* Debug */,
				E1C22D3425091DC2001EC66E /* Release */,
			);
			defaultConfigurationIsVisible = 0;
			defaultConfigurationName = Release;
		};
		E1C22D3525091DC2001EC66E /* Build configuration list for PBXNativeTarget "LFLiveKitDemo" */ = {
			isa = XCConfigurationList;
			buildConfigurations = (
				E1C22D3625091DC2001EC66E /* Debug */,
				E1C22D3725091DC2001EC66E /* Release */,
			);
			defaultConfigurationIsVisible = 0;
			defaultConfigurationName = Release;
		};
/* End XCConfigurationList section */
	};
	rootObject = E1C22D1425091DC0001EC66E /* Project object */;
}
