// !$*UTF8*$!
{
	archiveVersion = 1;
	classes = {
	};
	objectVersion = 50;
	objects = {

/* Begin PBXBuildFile section */
		E112C7522507F9AA0087927C /* AppDelegate.m in Sources */ = {isa = PBXBuildFile; fileRef = E112C7512507F9AA0087927C /* AppDelegate.m */; };
		E112C7552507F9AA0087927C /* SceneDelegate.m in Sources */ = {isa = PBXBuildFile; fileRef = E112C7542507F9AA0087927C /* SceneDelegate.m */; };
		E112C7582507F9AA0087927C /* ViewController.m in Sources */ = {isa = PBXBuildFile; fileRef = E112C7572507F9AA0087927C /* ViewController.m */; };
		E112C75B2507F9AA0087927C /* Main.storyboard in Resources */ = {isa = PBXBuildFile; fileRef = E112C7592507F9AA0087927C /* Main.storyboard */; };
		E112C75D2507F9AD0087927C /* Assets.xcassets in Resources */ = {isa = PBXBuildFile; fileRef = E112C75C2507F9AD0087927C /* Assets.xcassets */; };
		E112C7602507F9AD0087927C /* LaunchScreen.storyboard in Resources */ = {isa = PBXBuildFile; fileRef = E112C75E2507F9AD0087927C /* LaunchScreen.storyboard */; };
		E112C7632507F9AD0087927C /* main.m in Sources */ = {isa = PBXBuildFile; fileRef = E112C7622507F9AD0087927C /* main.m */; };
		E112C76B2507F9E40087927C /* AAPLEAGLLayer.m in Sources */ = {isa = PBXBuildFile; fileRef = E112C7692507F9E40087927C /* AAPLEAGLLayer.m */; };
/* End PBXBuildFile section */

/* Begin PBXFileReference section */
		E112C74D2507F9AA0087927C /* HardDecodingDemo.app */ = {isa = PBXFileReference; explicitFileType = wrapper.application; includeInIndex = 0; path = HardDecodingDemo.app; sourceTree = BUILT_PRODUCTS_DIR; };
		E112C7502507F9AA0087927C /* AppDelegate.h */ = {isa = PBXFileReference; lastKnownFileType = sourcecode.c.h; path = AppDelegate.h; sourceTree = "<group>"; };
		E112C7512507F9AA0087927C /* AppDelegate.m */ = {isa = PBXFileReference; lastKnownFileType = sourcecode.c.objc; path = AppDelegate.m; sourceTree = "<group>"; };
		E112C7532507F9AA0087927C /* SceneDelegate.h */ = {isa = PBXFileReference; lastKnownFileType = sourcecode.c.h; path = SceneDelegate.h; sourceTree = "<group>"; };
		E112C7542507F9AA0087927C /* SceneDelegate.m */ = {isa = PBXFileReference; lastKnownFileType = sourcecode.c.objc; path = SceneDelegate.m; sourceTree = "<group>"; };
		E112C7562507F9AA0087927C /* ViewController.h */ = {isa = PBXFileReference; lastKnownFileType = sourcecode.c.h; path = ViewController.h; sourceTree = "<group>"; };
		E112C7572507F9AA0087927C /* ViewController.m */ = {isa = PBXFileReference; lastKnownFileType = sourcecode.c.objc; path = ViewController.m; sourceTree = "<group>"; };
		E112C75A2507F9AA0087927C /* Base */ = {isa = PBXFileReference; lastKnownFileType = file.storyboard; name = Base; path = Base.lproj/Main.storyboard; sourceTree = "<group>"; };
		E112C75C2507F9AD0087927C /* Assets.xcassets */ = {isa = PBXFileReference; lastKnownFileType = folder.assetcatalog; path = Assets.xcassets; sourceTree = "<group>"; };
		E112C75F2507F9AD0087927C /* Base */ = {isa = PBXFileReference; lastKnownFileType = file.storyboard; name = Base; path = Base.lproj/LaunchScreen.storyboard; sourceTree = "<group>"; };
		E112C7612507F9AD0087927C /* Info.plist */ = {isa = PBXFileReference; lastKnownFileType = text.plist.xml; path = Info.plist; sourceTree = "<group>"; };
		E112C7622507F9AD0087927C /* main.m */ = {isa = PBXFileReference; lastKnownFileType = sourcecode.c.objc; path = main.m; sourceTree = "<group>"; };
		E112C7692507F9E40087927C /* AAPLEAGLLayer.m */ = {isa = PBXFileReference; fileEncoding = 4; lastKnownFileType = sourcecode.c.objc; path = AAPLEAGLLayer.m; sourceTree = "<group>"; };
		E112C76A2507F9E40087927C /* AAPLEAGLLayer.h */ = {isa = PBXFileReference; fileEncoding = 4; lastKnownFileType = sourcecode.c.h; path = AAPLEAGLLayer.h; sourceTree = "<group>"; };
/* End PBXFileReference section */

/* Begin PBXFrameworksBuildPhase section */
		E112C74A2507F9AA0087927C /* Frameworks */ = {
			isa = PBXFrameworksBuildPhase;
			buildActionMask = 2147483647;
			files = (
			);
			runOnlyForDeploymentPostprocessing = 0;
		};
/* End PBXFrameworksBuildPhase section */

/* Begin PBXGroup section */
		E112C7442507F9AA0087927C = {
			isa = PBXGroup;
			children = (
				E112C74F2507F9AA0087927C /* HardDecodingDemo */,
				E112C74E2507F9AA0087927C /* Products */,
			);
			sourceTree = "<group>";
		};
		E112C74E2507F9AA0087927C /* Products */ = {
			isa = PBXGroup;
			children = (
				E112C74D2507F9AA0087927C /* HardDecodingDemo.app */,
			);
			name = Products;
			sourceTree = "<group>";
		};
		E112C74F2507F9AA0087927C /* HardDecodingDemo */ = {
			isa = PBXGroup;
			children = (
				E112C76A2507F9E40087927C /* AAPLEAGLLayer.h */,
				E112C7692507F9E40087927C /* AAPLEAGLLayer.m */,
				E112C7502507F9AA0087927C /* AppDelegate.h */,
				E112C7512507F9AA0087927C /* AppDelegate.m */,
				E112C7532507F9AA0087927C /* SceneDelegate.h */,
				E112C7542507F9AA0087927C /* SceneDelegate.m */,
				E112C7562507F9AA0087927C /* ViewController.h */,
				E112C7572507F9AA0087927C /* ViewController.m */,
				E112C7592507F9AA0087927C /* Main.storyboard */,
				E112C75C2507F9AD0087927C /* Assets.xcassets */,
				E112C75E2507F9AD0087927C /* LaunchScreen.storyboard */,
				E112C7612507F9AD0087927C /* Info.plist */,
				E112C7622507F9AD0087927C /* main.m */,
			);
			path = HardDecodingDemo;
			sourceTree = "<group>";
		};
/* End PBXGroup section */

/* Begin PBXNativeTarget section */
		E112C74C2507F9AA0087927C /* HardDecodingDemo */ = {
			isa = PBXNativeTarget;
			buildConfigurationList = E112C7662507F9AD0087927C /* Build configuration list for PBXNativeTarget "HardDecodingDemo" */;
			buildPhases = (
				E112C7492507F9AA0087927C /* Sources */,
				E112C74A2507F9AA0087927C /* Frameworks */,
				E112C74B2507F9AA0087927C /* Resources */,
			);
			buildRules = (
			);
			dependencies = (
			);
			name = HardDecodingDemo;
			productName = HardDecodingDemo;
			productReference = E112C74D2507F9AA0087927C /* HardDecodingDemo.app */;
			productType = "com.apple.product-type.application";
		};
/* End PBXNativeTarget section */

/* Begin PBXProject section */
		E112C7452507F9AA0087927C /* Project object */ = {
			isa = PBXProject;
			attributes = {
				LastUpgradeCheck = 1160;
				ORGANIZATIONNAME = KentSun;
				TargetAttributes = {
					E112C74C2507F9AA0087927C = {
						CreatedOnToolsVersion = 11.6;
					};
				};
			};
			buildConfigurationList = E112C7482507F9AA0087927C /* Build configuration list for PBXProject "HardDecodingDemo" */;
			compatibilityVersion = "Xcode 9.3";
			developmentRegion = en;
			hasScannedForEncodings = 0;
			knownRegions = (
				en,
				Base,
			);
			mainGroup = E112C7442507F9AA0087927C;
			productRefGroup = E112C74E2507F9AA0087927C /* Products */;
			projectDirPath = "";
			projectRoot = "";
			targets = (
				E112C74C2507F9AA0087927C /* HardDecodingDemo */,
			);
		};
/* End PBXProject section */

/* Begin PBXResourcesBuildPhase section */
		E112C74B2507F9AA0087927C /* Resources */ = {
			isa = PBXResourcesBuildPhase;
			buildActionMask = 2147483647;
			files = (
				E112C7602507F9AD0087927C /* LaunchScreen.storyboard in Resources */,
				E112C75D2507F9AD0087927C /* Assets.xcassets in Resources */,
				E112C75B2507F9AA0087927C /* Main.storyboard in Resources */,
			);
			runOnlyForDeploymentPostprocessing = 0;
		};
/* End PBXResourcesBuildPhase section */

/* Begin PBXSourcesBuildPhase section */
		E112C7492507F9AA0087927C /* Sources */ = {
			isa = PBXSourcesBuildPhase;
			buildActionMask = 2147483647;
			files = (
				E112C7582507F9AA0087927C /* ViewController.m in Sources */,
				E112C7522507F9AA0087927C /* AppDelegate.m in Sources */,
				E112C7632507F9AD0087927C /* main.m in Sources */,
				E112C7552507F9AA0087927C /* SceneDelegate.m in Sources */,
				E112C76B2507F9E40087927C /* AAPLEAGLLayer.m in Sources */,
			);
			runOnlyForDeploymentPostprocessing = 0;
		};
/* End PBXSourcesBuildPhase section */

/* Begin PBXVariantGroup section */
		E112C7592507F9AA0087927C /* Main.storyboard */ = {
			isa = PBXVariantGroup;
			children = (
				E112C75A2507F9AA0087927C /* Base */,
			);
			name = Main.storyboard;
			sourceTree = "<group>";
		};
		E112C75E2507F9AD0087927C /* LaunchScreen.storyboard */ = {
			isa = PBXVariantGroup;
			children = (
				E112C75F2507F9AD0087927C /* Base */,
			);
			name = LaunchScreen.storyboard;
			sourceTree = "<group>";
		};
/* End PBXVariantGroup section */

/* Begin XCBuildConfiguration section */
		E112C7642507F9AD0087927C /* Debug */ = {
			isa = XCBuildConfiguration;
			buildSettings = {
				ALWAYS_SEARCH_USER_PATHS = NO;
				CLANG_ANALYZER_NONNULL = YES;
				CLANG_ANALYZER_NUMBER_OBJECT_CONVERSION = YES_AGGRESSIVE;
				CLANG_CXX_LANGUAGE_STANDARD = "gnu++14";
				CLANG_CXX_LIBRARY = "libc++";
				CLANG_ENABLE_MODULES = YES;
				CLANG_ENABLE_OBJC_ARC = YES;
				CLANG_ENABLE_OBJC_WEAK = YES;
				CLANG_WARN_BLOCK_CAPTURE_AUTORELEASING = YES;
				CLANG_WARN_BOOL_CONVERSION = YES;
				CLANG_WARN_COMMA = YES;
				CLANG_WARN_CONSTANT_CONVERSION = YES;
				CLANG_WARN_DEPRECATED_OBJC_IMPLEMENTATIONS = YES;
				CLANG_WARN_DIRECT_OBJC_ISA_USAGE = YES_ERROR;
				CLANG_WARN_DOCUMENTATION_COMMENTS = YES;
				CLANG_WARN_EMPTY_BODY = YES;
				CLANG_WARN_ENUM_CONVERSION = YES;
				CLANG_WARN_INFINITE_RECURSION = YES;
				CLANG_WARN_INT_CONVERSION = YES;
				CLANG_WARN_NON_LITERAL_NULL_CONVERSION = YES;
				CLANG_WARN_OBJC_IMPLICIT_RETAIN_SELF = YES;
				CLANG_WARN_OBJC_LITERAL_CONVERSION = YES;
				CLANG_WARN_OBJC_ROOT_CLASS = YES_ERROR;
				CLANG_WARN_RANGE_LOOP_ANALYSIS = YES;
				CLANG_WARN_STRICT_PROTOTYPES = YES;
				CLANG_WARN_SUSPICIOUS_MOVE = YES;
				CLANG_WARN_UNGUARDED_AVAILABILITY = YES_AGGRESSIVE;
				CLANG_WARN_UNREACHABLE_CODE = YES;
				CLANG_WARN__DUPLICATE_METHOD_MATCH = YES;
				COPY_PHASE_STRIP = NO;
				DEBUG_INFORMATION_FORMAT = dwarf;
				ENABLE_STRICT_OBJC_MSGSEND = YES;
				ENABLE_TESTABILITY = YES;
				GCC_C_LANGUAGE_STANDARD = gnu11;
				GCC_DYNAMIC_NO_PIC = NO;
				GCC_NO_COMMON_BLOCKS = YES;
				GCC_OPTIMIZATION_LEVEL = 0;
				GCC_PREPROCESSOR_DEFINITIONS = (
					"DEBUG=1",
					"$(inherited)",
				);
				GCC_WARN_64_TO_32_BIT_CONVERSION = YES;
				GCC_WARN_ABOUT_RETURN_TYPE = YES_ERROR;
				GCC_WARN_UNDECLARED_SELECTOR = YES;
				GCC_WARN_UNINITIALIZED_AUTOS = YES_AGGRESSIVE;
				GCC_WARN_UNUSED_FUNCTION = YES;
				GCC_WARN_UNUSED_VARIABLE = YES;
				IPHONEOS_DEPLOYMENT_TARGET = 13.6;
				MTL_ENABLE_DEBUG_INFO = INCLUDE_SOURCE;
				MTL_FAST_MATH = YES;
				ONLY_ACTIVE_ARCH = YES;
				SDKROOT = iphoneos;
			};
			name = Debug;
		};
		E112C7652507F9AD0087927C /* Release */ = {
			isa = XCBuildConfiguration;
			buildSettings = {
				ALWAYS_SEARCH_USER_PATHS = NO;
				CLANG_ANALYZER_NONNULL = YES;
				CLANG_ANALYZER_NUMBER_OBJECT_CONVERSION = YES_AGGRESSIVE;
				CLANG_CXX_LANGUAGE_STANDARD = "gnu++14";
				CLANG_CXX_LIBRARY = "libc++";
				CLANG_ENABLE_MODULES = YES;
				CLANG_ENABLE_OBJC_ARC = YES;
				CLANG_ENABLE_OBJC_WEAK = YES;
				CLANG_WARN_BLOCK_CAPTURE_AUTORELEASING = YES;
				CLANG_WARN_BOOL_CONVERSION = YES;
				CLANG_WARN_COMMA = YES;
				CLANG_WARN_CONSTANT_CONVERSION = YES;
				CLANG_WARN_DEPRECATED_OBJC_IMPLEMENTATIONS = YES;
				CLANG_WARN_DIRECT_OBJC_ISA_USAGE = YES_ERROR;
				CLANG_WARN_DOCUMENTATION_COMMENTS = YES;
				CLANG_WARN_EMPTY_BODY = YES;
				CLANG_WARN_ENUM_CONVERSION = YES;
				CLANG_WARN_INFINITE_RECURSION = YES;
				CLANG_WARN_INT_CONVERSION = YES;
				CLANG_WARN_NON_LITERAL_NULL_CONVERSION = YES;
				CLANG_WARN_OBJC_IMPLICIT_RETAIN_SELF = YES;
				CLANG_WARN_OBJC_LITERAL_CONVERSION = YES;
				CLANG_WARN_OBJC_ROOT_CLASS = YES_ERROR;
				CLANG_WARN_RANGE_LOOP_ANALYSIS = YES;
				CLANG_WARN_STRICT_PROTOTYPES = YES;
				CLANG_WARN_SUSPICIOUS_MOVE = YES;
				CLANG_WARN_UNGUARDED_AVAILABILITY = YES_AGGRESSIVE;
				CLANG_WARN_UNREACHABLE_CODE = YES;
				CLANG_WARN__DUPLICATE_METHOD_MATCH = YES;
				COPY_PHASE_STRIP = NO;
				DEBUG_INFORMATION_FORMAT = "dwarf-with-dsym";
				ENABLE_NS_ASSERTIONS = NO;
				ENABLE_STRICT_OBJC_MSGSEND = YES;
				GCC_C_LANGUAGE_STANDARD = gnu11;
				GCC_NO_COMMON_BLOCKS = YES;
				GCC_WARN_64_TO_32_BIT_CONVERSION = YES;
				GCC_WARN_ABOUT_RETURN_TYPE = YES_ERROR;
				GCC_WARN_UNDECLARED_SELECTOR = YES;
				GCC_WARN_UNINITIALIZED_AUTOS = YES_AGGRESSIVE;
				GCC_WARN_UNUSED_FUNCTION = YES;
				GCC_WARN_UNUSED_VARIABLE = YES;
				IPHONEOS_DEPLOYMENT_TARGET = 13.6;
				MTL_ENABLE_DEBUG_INFO = NO;
				MTL_FAST_MATH = YES;
				SDKROOT = iphoneos;
				VALIDATE_PRODUCT = YES;
			};
			name = Release;
		};
		E112C7672507F9AD0087927C /* Debug */ = {
			isa = XCBuildConfiguration;
			buildSettings = {
				ASSETCATALOG_COMPILER_APPICON_NAME = AppIcon;
				CODE_SIGN_STYLE = Automatic;
				DEVELOPMENT_TEAM = N6GT7P4WQU;
				INFOPLIST_FILE = HardDecodingDemo/Info.plist;
				IPHONEOS_DEPLOYMENT_TARGET = 10.0;
				LD_RUNPATH_SEARCH_PATHS = (
					"$(inherited)",
					"@executable_path/Frameworks",
				);
				PRODUCT_BUNDLE_IDENTIFIER = KentSun.HardDecodingDemo;
				PRODUCT_NAME = "$(TARGET_NAME)";
				TARGETED_DEVICE_FAMILY = "1,2";
			};
			name = Debug;
		};
		E112C7682507F9AD0087927C /* Release */ = {
			isa = XCBuildConfiguration;
			buildSettings = {
				ASSETCATALOG_COMPILER_APPICON_NAME = AppIcon;
				CODE_SIGN_STYLE = Automatic;
				DEVELOPMENT_TEAM = N6GT7P4WQU;
				INFOPLIST_FILE = HardDecodingDemo/Info.plist;
				IPHONEOS_DEPLOYMENT_TARGET = 10.0;
				LD_RUNPATH_SEARCH_PATHS = (
					"$(inherited)",
					"@executable_path/Frameworks",
				);
				PRODUCT_BUNDLE_IDENTIFIER = KentSun.HardDecodingDemo;
				PRODUCT_NAME = "$(TARGET_NAME)";
				TARGETED_DEVICE_FAMILY = "1,2";
			};
			name = Release;
		};
/* End XCBuildConfiguration section */

/* Begin XCConfigurationList section */
		E112C7482507F9AA0087927C /* Build configuration list for PBXProject "HardDecodingDemo" */ = {
			isa = XCConfigurationList;
			buildConfigurations = (
				E112C7642507F9AD0087927C /* Debug */,
				E112C7652507F9AD0087927C /* Release */,
			);
			defaultConfigurationIsVisible = 0;
			defaultConfigurationName = Release;
		};
		E112C7662507F9AD0087927C /* Build configuration list for PBXNativeTarget "HardDecodingDemo" */ = {
			isa = XCConfigurationList;
			buildConfigurations = (
				E112C7672507F9AD0087927C /* Debug */,
				E112C7682507F9AD0087927C /* Release */,
			);
			defaultConfigurationIsVisible = 0;
			defaultConfigurationName = Release;
		};
/* End XCConfigurationList section */
	};
	rootObject = E112C7452507F9AA0087927C /* Project object */;
}
